
Microsoft Visual Studio Solution File, Format Version 12.00
# Visual Studio Version 16
VisualStudioVersion = 16.0.31005.135
MinimumVisualStudioVersion = 10.0.40219.1
Project("{FAE04EC0-301F-11D3-BF4B-00C04F79EFBC}") = "AuroraServer", "AuroraServer\AuroraServer.csproj", "{007C14A3-9BEF-4F3B-B083-E3938EE664C4}"
EndProject
Global
	GlobalSection(SolutionConfigurationPlatforms) = preSolution
		Debug|Any CPU = Debug|Any CPU
		Release|Any CPU = Release|Any CPU
	EndGlobalSection
	GlobalSection(ProjectConfigurationPlatforms) = postSolution
		{007C14A3-9BEF-4F3B-B083-E3938EE664C4}.Debug|Any CPU.ActiveCfg = Debug|Any CPU
		{007C14A3-9BEF-4F3B-B083-E3938EE664C4}.Debug|Any CPU.Build.0 = Debug|Any CPU
		{007C14A3-9BEF-4F3B-B083-E3938EE664C4}.Release|Any CPU.ActiveCfg = Release|Any CPU
		{007C14A3-9BEF-4F3B-B083-E3938EE664C4}.Release|Any CPU.Build.0 = Release|Any CPU
	EndGlobalSection
	GlobalSection(SolutionProperties) = preSolution
		HideSolutionNode = FALSE
	EndGlobalSection
	GlobalSection(ExtensibilityGlobals) = postSolution
		SolutionGuid = {F3F8EEBD-B7C6-454C-8AAB-1A1CE82E9E4D}
	EndGlobalSection
EndGlobal
